<?xml version="1.0" encoding="utf-8"?>
<Project ToolsVersion="4.0" xmlns="http://schemas.microsoft.com/developer/msbuild/2003">
  <ItemGroup>
    <Filter Include="Direct3D">
      <UniqueIdentifier>{43d2617e-09a1-4b3a-b984-ba03443e158f}</UniqueIdentifier>
    </Filter>
    <Filter Include="OpenGL">
      <UniqueIdentifier>{0ab702fd-67bb-4b95-b39d-1a493252a551}</UniqueIdentifier>
    </Filter>
    <Filter Include="Windows">
      <UniqueIdentifier>{0a319342-cf2c-4577-8d5d-0e31b6198407}</UniqueIdentifier>
    </Filter>
  </ItemGroup>
  <ItemGroup>
    <ClInclude Include="Windows\ExternalLibraries.win.h">
      <Filter>Windows</Filter>
    </ClInclude>
    <ClInclude Include="Direct3D\Includes.h">
      <Filter>Direct3D</Filter>
    </ClInclude>
    <ClInclude Include="OpenGL\Includes.h">
      <Filter>OpenGL</Filter>
    </ClInclude>
    <ClInclude Include="cConstantBuffer.h" />
    <ClInclude Include="Configuration.h" />
    <ClInclude Include="ConstantBufferFormats.h" />
    <ClInclude Include="cRenderState.h" />
    <ClInclude Include="cSamplerState.h" />
    <ClInclude Include="cShader.h" />
    <ClInclude Include="Graphics.h" />
    <ClInclude Include="sContext.h" />
    <ClInclude Include="VertexFormats.h" />
    <ClInclude Include="Effect.h" />
    <ClInclude Include="Sprite.h" />
  </ItemGroup>
  <ItemGroup>
    <ClCompile Include="Direct3D\cConstantBuffer.d3d.cpp">
      <Filter>Direct3D</Filter>
    </ClCompile>
    <ClCompile Include="Direct3D\cRenderState.d3d.cpp">
      <Filter>Direct3D</Filter>
    </ClCompile>
    <ClCompile Include="Direct3D\cSamplerState.d3d.cpp">
      <Filter>Direct3D</Filter>
    </ClCompile>
    <ClCompile Include="Direct3D\cShader.d3d.cpp">
      <Filter>Direct3D</Filter>
    </ClCompile>
    <ClCompile Include="Direct3D\sContext.d3d.cpp">
      <Filter>Direct3D</Filter>
    </ClCompile>
    <ClCompile Include="OpenGL\cConstantBuffer.gl.cpp">
      <Filter>OpenGL</Filter>
    </ClCompile>
    <ClCompile Include="OpenGL\cRenderState.gl.cpp">
      <Filter>OpenGL</Filter>
    </ClCompile>
    <ClCompile Include="OpenGL\cSamplerState.gl.cpp">
      <Filter>OpenGL</Filter>
    </ClCompile>
    <ClCompile Include="OpenGL\cShader.gl.cpp">
      <Filter>OpenGL</Filter>
    </ClCompile>
    <ClCompile Include="OpenGL\sContext.gl.cpp">
      <Filter>OpenGL</Filter>
    </ClCompile>
    <ClCompile Include="cConstantBuffer.cpp" />
    <ClCompile Include="cRenderState.cpp" />
    <ClCompile Include="cSamplerState.cpp" />
    <ClCompile Include="cShader.cpp" />
    <ClCompile Include="Graphics.cpp" />
    <ClCompile Include="sContext.cpp" />
    <ClCompile Include="Direct3D\Effect.d3d.cpp">
      <Filter>Direct3D</Filter>
    </ClCompile>
    <ClCompile Include="OpenGL\Effect.gl.cpp">
      <Filter>OpenGL</Filter>
    </ClCompile>
    <ClCompile Include="Effect.cpp" />
    <ClCompile Include="Sprite.cpp" />
    <ClCompile Include="Direct3D\Sprite.d3d.cpp">
      <Filter>Direct3D</Filter>
    </ClCompile>
    <ClCompile Include="OpenGL\Sprite.gl.cpp">
      <Filter>OpenGL</Filter>
    </ClCompile>
  </ItemGroup>
  <ItemGroup>
    <None Include="cRenderState.inl" />
  </ItemGroup>
</Project>